<?xml version="1.0" encoding="utf-8"?>
<Project ToolsVersion="4.0" xmlns="http://schemas.microsoft.com/developer/msbuild/2003">
  <ItemGroup>
    <Filter Include="Source Files">
      <UniqueIdentifier>{4FC737F1-C7A5-4376-A066-2A32D752A2FF}</UniqueIdentifier>
      <Extensions>cpp;c;cc;cxx;c++;cppm;ixx;def;odl;idl;hpj;bat;asm;asmx</Extensions>
    </Filter>
    <Filter Include="Header Files">
      <UniqueIdentifier>{93995380-89BD-4b04-88EB-625FBE52EBFB}</UniqueIdentifier>
      <Extensions>h;hh;hpp;hxx;h++;hm;inl;inc;ipp;xsd</Extensions>
    </Filter>
    <Filter Include="Resource Files">
      <UniqueIdentifier>{67DA6AB6-F800-4c08-8B7A-83BB121AAD01}</UniqueIdentifier>
      <Extensions>rc;ico;cur;bmp;dlg;rc2;rct;bin;rgs;gif;jpg;jpeg;jpe;resx;tiff;tif;png;wav;mfcribbon-ms</Extensions>
    </Filter>
  </ItemGroup>
  <ItemGroup>
    <ClInclude Include="Src\framework\data\fonts.h">
      <Filter>Header Files</Filter>
    </ClInclude>
    <ClInclude Include="Src\framework\data\images.h">
      <Filter>Header Files</Filter>
    </ClInclude>
    <ClInclude Include="Src\framework\headers\config.h">
      <Filter>Header Files</Filter>
    </ClInclude>
    <ClInclude Include="Src\framework\headers\draw.h">
      <Filter>Header Files</Filter>
    </ClInclude>
    <ClInclude Include="Src\framework\headers\flags.h">
      <Filter>Header Files</Filter>
    </ClInclude>
    <ClInclude Include="Src\framework\headers\fonts.h">
      <Filter>Header Files</Filter>
    </ClInclude>
    <ClInclude Include="Src\framework\headers\functions.h">
      <Filter>Header Files</Filter>
    </ClInclude>
    <ClInclude Include="Src\framework\headers\includes.h">
      <Filter>Header Files</Filter>
    </ClInclude>
    <ClInclude Include="Src\framework\headers\widgets.h">
      <Filter>Header Files</Filter>
    </ClInclude>
    <ClInclude Include="Src\framework\settings\colors.h">
      <Filter>Header Files</Filter>
    </ClInclude>
    <ClInclude Include="Src\framework\settings\elements.h">
      <Filter>Header Files</Filter>
    </ClInclude>
    <ClInclude Include="Src\framework\settings\variables.h">
      <Filter>Header Files</Filter>
    </ClInclude>
    <ClInclude Include="Src\thirdparty\dxsdk\Include\audiodefs.h">
      <Filter>Header Files</Filter>
    </ClInclude>
    <ClInclude Include="Src\thirdparty\dxsdk\Include\comdecl.h">
      <Filter>Header Files</Filter>
    </ClInclude>
    <ClInclude Include="Src\thirdparty\dxsdk\Include\D2D1.h">
      <Filter>Header Files</Filter>
    </ClInclude>
    <ClInclude Include="Src\thirdparty\dxsdk\Include\D2D1Helper.h">
      <Filter>Header Files</Filter>
    </ClInclude>
    <ClInclude Include="Src\thirdparty\dxsdk\Include\D2DBaseTypes.h">
      <Filter>Header Files</Filter>
    </ClInclude>
    <ClInclude Include="Src\thirdparty\dxsdk\Include\D2Derr.h">
      <Filter>Header Files</Filter>
    </ClInclude>
    <ClInclude Include="Src\thirdparty\dxsdk\Include\d3d9.h">
      <Filter>Header Files</Filter>
    </ClInclude>
    <ClInclude Include="Src\thirdparty\dxsdk\Include\d3d9caps.h">
      <Filter>Header Files</Filter>
    </ClInclude>
    <ClInclude Include="Src\thirdparty\dxsdk\Include\d3d9types.h">
      <Filter>Header Files</Filter>
    </ClInclude>
    <ClInclude Include="Src\thirdparty\dxsdk\Include\D3D10.h">
      <Filter>Header Files</Filter>
    </ClInclude>
    <ClInclude Include="Src\thirdparty\dxsdk\Include\D3D10_1.h">
      <Filter>Header Files</Filter>
    </ClInclude>
    <ClInclude Include="Src\thirdparty\dxsdk\Include\D3D10_1shader.h">
      <Filter>Header Files</Filter>
    </ClInclude>
    <ClInclude Include="Src\thirdparty\dxsdk\Include\D3D10effect.h">
      <Filter>Header Files</Filter>
    </ClInclude>
    <ClInclude Include="Src\thirdparty\dxsdk\Include\d3d10misc.h">
      <Filter>Header Files</Filter>
    </ClInclude>
    <ClInclude Include="Src\thirdparty\dxsdk\Include\d3d10sdklayers.h">
      <Filter>Header Files</Filter>
    </ClInclude>
    <ClInclude Include="Src\thirdparty\dxsdk\Include\D3D10shader.h">
      <Filter>Header Files</Filter>
    </ClInclude>
    <ClInclude Include="Src\thirdparty\dxsdk\Include\D3D11.h">
      <Filter>Header Files</Filter>
    </ClInclude>
    <ClInclude Include="Src\thirdparty\dxsdk\Include\D3D11SDKLayers.h">
      <Filter>Header Files</Filter>
    </ClInclude>
    <ClInclude Include="Src\thirdparty\dxsdk\Include\D3D11Shader.h">
      <Filter>Header Files</Filter>
    </ClInclude>
    <ClInclude Include="Src\thirdparty\dxsdk\Include\D3Dcommon.h">
      <Filter>Header Files</Filter>
    </ClInclude>
    <ClInclude Include="Src\thirdparty\dxsdk\Include\D3Dcompiler.h">
      <Filter>Header Files</Filter>
    </ClInclude>
    <ClInclude Include="Src\thirdparty\dxsdk\Include\D3DCSX.h">
      <Filter>Header Files</Filter>
    </ClInclude>
    <ClInclude Include="Src\thirdparty\dxsdk\Include\d3dx9.h">
      <Filter>Header Files</Filter>
    </ClInclude>
    <ClInclude Include="Src\thirdparty\dxsdk\Include\d3dx9anim.h">
      <Filter>Header Files</Filter>
    </ClInclude>
    <ClInclude Include="Src\thirdparty\dxsdk\Include\d3dx9core.h">
      <Filter>Header Files</Filter>
    </ClInclude>
    <ClInclude Include="Src\thirdparty\dxsdk\Include\d3dx9effect.h">
      <Filter>Header Files</Filter>
    </ClInclude>
    <ClInclude Include="Src\thirdparty\dxsdk\Include\d3dx9math.h">
      <Filter>Header Files</Filter>
    </ClInclude>
    <ClInclude Include="Src\thirdparty\dxsdk\Include\d3dx9mesh.h">
      <Filter>Header Files</Filter>
    </ClInclude>
    <ClInclude Include="Src\thirdparty\dxsdk\Include\d3dx9shader.h">
      <Filter>Header Files</Filter>
    </ClInclude>
    <ClInclude Include="Src\thirdparty\dxsdk\Include\d3dx9shape.h">
      <Filter>Header Files</Filter>
    </ClInclude>
    <ClInclude Include="Src\thirdparty\dxsdk\Include\d3dx9tex.h">
      <Filter>Header Files</Filter>
    </ClInclude>
    <ClInclude Include="Src\thirdparty\dxsdk\Include\d3dx9xof.h">
      <Filter>Header Files</Filter>
    </ClInclude>
    <ClInclude Include="Src\thirdparty\dxsdk\Include\D3DX10.h">
      <Filter>Header Files</Filter>
    </ClInclude>
    <ClInclude Include="Src\thirdparty\dxsdk\Include\d3dx10async.h">
      <Filter>Header Files</Filter>
    </ClInclude>
    <ClInclude Include="Src\thirdparty\dxsdk\Include\D3DX10core.h">
      <Filter>Header Files</Filter>
    </ClInclude>
    <ClInclude Include="Src\thirdparty\dxsdk\Include\D3DX10math.h">
      <Filter>Header Files</Filter>
    </ClInclude>
    <ClInclude Include="Src\thirdparty\dxsdk\Include\D3DX10mesh.h">
      <Filter>Header Files</Filter>
    </ClInclude>
    <ClInclude Include="Src\thirdparty\dxsdk\Include\D3DX10tex.h">
      <Filter>Header Files</Filter>
    </ClInclude>
    <ClInclude Include="Src\thirdparty\dxsdk\Include\D3DX11.h">
      <Filter>Header Files</Filter>
    </ClInclude>
    <ClInclude Include="Src\thirdparty\dxsdk\Include\D3DX11async.h">
      <Filter>Header Files</Filter>
    </ClInclude>
    <ClInclude Include="Src\thirdparty\dxsdk\Include\D3DX11core.h">
      <Filter>Header Files</Filter>
    </ClInclude>
    <ClInclude Include="Src\thirdparty\dxsdk\Include\D3DX11tex.h">
      <Filter>Header Files</Filter>
    </ClInclude>
    <ClInclude Include="Src\thirdparty\dxsdk\Include\Dcommon.h">
      <Filter>Header Files</Filter>
    </ClInclude>
    <ClInclude Include="Src\thirdparty\dxsdk\Include\detours.h">
      <Filter>Header Files</Filter>
    </ClInclude>
    <ClInclude Include="Src\thirdparty\dxsdk\Include\dinput.h">
      <Filter>Header Files</Filter>
    </ClInclude>
    <ClInclude Include="Src\thirdparty\dxsdk\Include\dinputd.h">
      <Filter>Header Files</Filter>
    </ClInclude>
    <ClInclude Include="Src\thirdparty\dxsdk\Include\dsconf.h">
      <Filter>Header Files</Filter>
    </ClInclude>
    <ClInclude Include="Src\thirdparty\dxsdk\Include\dsetup.h">
      <Filter>Header Files</Filter>
    </ClInclude>
    <ClInclude Include="Src\thirdparty\dxsdk\Include\dsound.h">
      <Filter>Header Files</Filter>
    </ClInclude>
    <ClInclude Include="Src\thirdparty\dxsdk\Include\DWrite.h">
      <Filter>Header Files</Filter>
    </ClInclude>
    <ClInclude Include="Src\thirdparty\dxsdk\Include\dxdiag.h">
      <Filter>Header Files</Filter>
    </ClInclude>
    <ClInclude Include="Src\thirdparty\dxsdk\Include\DxErr.h">
      <Filter>Header Files</Filter>
    </ClInclude>
    <ClInclude Include="Src\thirdparty\dxsdk\Include\dxfile.h">
      <Filter>Header Files</Filter>
    </ClInclude>
    <ClInclude Include="Src\thirdparty\dxsdk\Include\DXGI.h">
      <Filter>Header Files</Filter>
    </ClInclude>
    <ClInclude Include="Src\thirdparty\dxsdk\Include\DXGIFormat.h">
      <Filter>Header Files</Filter>
    </ClInclude>
    <ClInclude Include="Src\thirdparty\dxsdk\Include\DXGIType.h">
      <Filter>Header Files</Filter>
    </ClInclude>
    <ClInclude Include="Src\thirdparty\dxsdk\Include\dxsdkver.h">
      <Filter>Header Files</Filter>
    </ClInclude>
    <ClInclude Include="Src\thirdparty\dxsdk\Include\gameux.h">
      <Filter>Header Files</Filter>
    </ClInclude>
    <ClInclude Include="Src\thirdparty\dxsdk\Include\PIXPlugin.h">
      <Filter>Header Files</Filter>
    </ClInclude>
    <ClInclude Include="Src\thirdparty\dxsdk\Include\rmxfguid.h">
      <Filter>Header Files</Filter>
    </ClInclude>
    <ClInclude Include="Src\thirdparty\dxsdk\Include\rmxftmpl.h">
      <Filter>Header Files</Filter>
    </ClInclude>
    <ClInclude Include="Src\thirdparty\dxsdk\Include\rpcsal.h">
      <Filter>Header Files</Filter>
    </ClInclude>
    <ClInclude Include="Src\thirdparty\dxsdk\Include\X3DAudio.h">
      <Filter>Header Files</Filter>
    </ClInclude>
    <ClInclude Include="Src\thirdparty\dxsdk\Include\xact3.h">
      <Filter>Header Files</Filter>
    </ClInclude>
    <ClInclude Include="Src\thirdparty\dxsdk\Include\xact3d3.h">
      <Filter>Header Files</Filter>
    </ClInclude>
    <ClInclude Include="Src\thirdparty\dxsdk\Include\xact3wb.h">
      <Filter>Header Files</Filter>
    </ClInclude>
    <ClInclude Include="Src\thirdparty\dxsdk\Include\XAPO.h">
      <Filter>Header Files</Filter>
    </ClInclude>
    <ClInclude Include="Src\thirdparty\dxsdk\Include\XAPOBase.h">
      <Filter>Header Files</Filter>
    </ClInclude>
    <ClInclude Include="Src\thirdparty\dxsdk\Include\XAPOFX.h">
      <Filter>Header Files</Filter>
    </ClInclude>
    <ClInclude Include="Src\thirdparty\dxsdk\Include\XAudio2.h">
      <Filter>Header Files</Filter>
    </ClInclude>
    <ClInclude Include="Src\thirdparty\dxsdk\Include\XAudio2fx.h">
      <Filter>Header Files</Filter>
    </ClInclude>
    <ClInclude Include="Src\thirdparty\dxsdk\Include\XDSP.h">
      <Filter>Header Files</Filter>
    </ClInclude>
    <ClInclude Include="Src\thirdparty\dxsdk\Include\XInput.h">
      <Filter>Header Files</Filter>
    </ClInclude>
    <ClInclude Include="Src\thirdparty\dxsdk\Include\xma2defs.h">
      <Filter>Header Files</Filter>
    </ClInclude>
    <ClInclude Include="Src\thirdparty\dxsdk\Include\xnamath.h">
      <Filter>Header Files</Filter>
    </ClInclude>
    <ClInclude Include="Src\thirdparty\freetype\include\freetype\config\ftconfig.h">
      <Filter>Header Files</Filter>
    </ClInclude>
    <ClInclude Include="Src\thirdparty\freetype\include\freetype\config\ftheader.h">
      <Filter>Header Files</Filter>
    </ClInclude>
    <ClInclude Include="Src\thirdparty\freetype\include\freetype\config\ftmodule.h">
      <Filter>Header Files</Filter>
    </ClInclude>
    <ClInclude Include="Src\thirdparty\freetype\include\freetype\config\ftoption.h">
      <Filter>Header Files</Filter>
    </ClInclude>
    <ClInclude Include="Src\thirdparty\freetype\include\freetype\config\ftstdlib.h">
      <Filter>Header Files</Filter>
    </ClInclude>
    <ClInclude Include="Src\thirdparty\freetype\include\freetype\config\integer-types.h">
      <Filter>Header Files</Filter>
    </ClInclude>
    <ClInclude Include="Src\thirdparty\freetype\include\freetype\config\mac-support.h">
      <Filter>Header Files</Filter>
    </ClInclude>
    <ClInclude Include="Src\thirdparty\freetype\include\freetype\config\public-macros.h">
      <Filter>Header Files</Filter>
    </ClInclude>
    <ClInclude Include="Src\thirdparty\freetype\include\freetype\freetype.h">
      <Filter>Header Files</Filter>
    </ClInclude>
    <ClInclude Include="Src\thirdparty\freetype\include\freetype\ftadvanc.h">
      <Filter>Header Files</Filter>
    </ClInclude>
    <ClInclude Include="Src\thirdparty\freetype\include\freetype\ftbbox.h">
      <Filter>Header Files</Filter>
    </ClInclude>
    <ClInclude Include="Src\thirdparty\freetype\include\freetype\ftbdf.h">
      <Filter>Header Files</Filter>
    </ClInclude>
    <ClInclude Include="Src\thirdparty\freetype\include\freetype\ftbitmap.h">
      <Filter>Header Files</Filter>
    </ClInclude>
    <ClInclude Include="Src\thirdparty\freetype\include\freetype\ftbzip2.h">
      <Filter>Header Files</Filter>
    </ClInclude>
    <ClInclude Include="Src\thirdparty\freetype\include\freetype\ftcache.h">
      <Filter>Header Files</Filter>
    </ClInclude>
    <ClInclude Include="Src\thirdparty\freetype\include\freetype\ftchapters.h">
      <Filter>Header Files</Filter>
    </ClInclude>
    <ClInclude Include="Src\thirdparty\freetype\include\freetype\ftcid.h">
      <Filter>Header Files</Filter>
    </ClInclude>
    <ClInclude Include="Src\thirdparty\freetype\include\freetype\ftcolor.h">
      <Filter>Header Files</Filter>
    </ClInclude>
    <ClInclude Include="Src\thirdparty\freetype\include\freetype\ftdriver.h">
      <Filter>Header Files</Filter>
    </ClInclude>
    <ClInclude Include="Src\thirdparty\freetype\include\freetype\fterrdef.h">
      <Filter>Header Files</Filter>
    </ClInclude>
    <ClInclude Include="Src\thirdparty\freetype\include\freetype\fterrors.h">
      <Filter>Header Files</Filter>
    </ClInclude>
    <ClInclude Include="Src\thirdparty\freetype\include\freetype\ftfntfmt.h">
      <Filter>Header Files</Filter>
    </ClInclude>
    <ClInclude Include="Src\thirdparty\freetype\include\freetype\ftgasp.h">
      <Filter>Header Files</Filter>
    </ClInclude>
    <ClInclude Include="Src\thirdparty\freetype\include\freetype\ftglyph.h">
      <Filter>Header Files</Filter>
    </ClInclude>
    <ClInclude Include="Src\thirdparty\freetype\include\freetype\ftgxval.h">
      <Filter>Header Files</Filter>
    </ClInclude>
    <ClInclude Include="Src\thirdparty\freetype\include\freetype\ftgzip.h">
      <Filter>Header Files</Filter>
    </ClInclude>
    <ClInclude Include="Src\thirdparty\freetype\include\freetype\ftimage.h">
      <Filter>Header Files</Filter>
    </ClInclude>
    <ClInclude Include="Src\thirdparty\freetype\include\freetype\ftincrem.h">
      <Filter>Header Files</Filter>
    </ClInclude>
    <ClInclude Include="Src\thirdparty\freetype\include\freetype\ftlcdfil.h">
      <Filter>Header Files</Filter>
    </ClInclude>
    <ClInclude Include="Src\thirdparty\freetype\include\freetype\ftlist.h">
      <Filter>Header Files</Filter>
    </ClInclude>
    <ClInclude Include="Src\thirdparty\freetype\include\freetype\ftlogging.h">
      <Filter>Header Files</Filter>
    </ClInclude>
    <ClInclude Include="Src\thirdparty\freetype\include\freetype\ftlzw.h">
      <Filter>Header Files</Filter>
    </ClInclude>
    <ClInclude Include="Src\thirdparty\freetype\include\freetype\ftmac.h">
      <Filter>Header Files</Filter>
    </ClInclude>
    <ClInclude Include="Src\thirdparty\freetype\include\freetype\ftmm.h">
      <Filter>Header Files</Filter>
    </ClInclude>
    <ClInclude Include="Src\thirdparty\freetype\include\freetype\ftmodapi.h">
      <Filter>Header Files</Filter>
    </ClInclude>
    <ClInclude Include="Src\thirdparty\freetype\include\freetype\ftmoderr.h">
      <Filter>Header Files</Filter>
    </ClInclude>
    <ClInclude Include="Src\thirdparty\freetype\include\freetype\ftotval.h">
      <Filter>Header Files</Filter>
    </ClInclude>
    <ClInclude Include="Src\thirdparty\freetype\include\freetype\ftoutln.h">
      <Filter>Header Files</Filter>
    </ClInclude>
    <ClInclude Include="Src\thirdparty\freetype\include\freetype\ftparams.h">
      <Filter>Header Files</Filter>
    </ClInclude>
    <ClInclude Include="Src\thirdparty\freetype\include\freetype\ftpfr.h">
      <Filter>Header Files</Filter>
    </ClInclude>
    <ClInclude Include="Src\thirdparty\freetype\include\freetype\ftrender.h">
      <Filter>Header Files</Filter>
    </ClInclude>
    <ClInclude Include="Src\thirdparty\freetype\include\freetype\ftsizes.h">
      <Filter>Header Files</Filter>
    </ClInclude>
    <ClInclude Include="Src\thirdparty\freetype\include\freetype\ftsnames.h">
      <Filter>Header Files</Filter>
    </ClInclude>
    <ClInclude Include="Src\thirdparty\freetype\include\freetype\ftstroke.h">
      <Filter>Header Files</Filter>
    </ClInclude>
    <ClInclude Include="Src\thirdparty\freetype\include\freetype\ftsynth.h">
      <Filter>Header Files</Filter>
    </ClInclude>
    <ClInclude Include="Src\thirdparty\freetype\include\freetype\ftsystem.h">
      <Filter>Header Files</Filter>
    </ClInclude>
    <ClInclude Include="Src\thirdparty\freetype\include\freetype\fttrigon.h">
      <Filter>Header Files</Filter>
    </ClInclude>
    <ClInclude Include="Src\thirdparty\freetype\include\freetype\fttypes.h">
      <Filter>Header Files</Filter>
    </ClInclude>
    <ClInclude Include="Src\thirdparty\freetype\include\freetype\ftwinfnt.h">
      <Filter>Header Files</Filter>
    </ClInclude>
    <ClInclude Include="Src\thirdparty\freetype\include\freetype\otsvg.h">
      <Filter>Header Files</Filter>
    </ClInclude>
    <ClInclude Include="Src\thirdparty\freetype\include\freetype\t1tables.h">
      <Filter>Header Files</Filter>
    </ClInclude>
    <ClInclude Include="Src\thirdparty\freetype\include\freetype\ttnameid.h">
      <Filter>Header Files</Filter>
    </ClInclude>
    <ClInclude Include="Src\thirdparty\freetype\include\freetype\tttables.h">
      <Filter>Header Files</Filter>
    </ClInclude>
    <ClInclude Include="Src\thirdparty\freetype\include\freetype\tttags.h">
      <Filter>Header Files</Filter>
    </ClInclude>
    <ClInclude Include="Src\thirdparty\freetype\include\ft2build.h">
      <Filter>Header Files</Filter>
    </ClInclude>
    <ClInclude Include="Src\thirdparty\imgui\backends\imgui_impl_dx9.h">
      <Filter>Header Files</Filter>
    </ClInclude>
    <ClInclude Include="Src\thirdparty\imgui\backends\imgui_impl_dx10.h">
      <Filter>Header Files</Filter>
    </ClInclude>
    <ClInclude Include="Src\thirdparty\imgui\backends\imgui_impl_dx11.h">
      <Filter>Header Files</Filter>
    </ClInclude>
    <ClInclude Include="Src\thirdparty\imgui\backends\imgui_impl_dx12.h">
      <Filter>Header Files</Filter>
    </ClInclude>
    <ClInclude Include="Src\thirdparty\imgui\backends\imgui_impl_win32.h">
      <Filter>Header Files</Filter>
    </ClInclude>
    <ClInclude Include="Src\thirdparty\imgui\imconfig.h">
      <Filter>Header Files</Filter>
    </ClInclude>
    <ClInclude Include="Src\thirdparty\imgui\imgui.h">
      <Filter>Header Files</Filter>
    </ClInclude>
    <ClInclude Include="Src\thirdparty\imgui\imgui_freetype.h">
      <Filter>Header Files</Filter>
    </ClInclude>
    <ClInclude Include="Src\thirdparty\imgui\imgui_internal.h">
      <Filter>Header Files</Filter>
    </ClInclude>
    <ClInclude Include="Src\thirdparty\imgui\imstb_rectpack.h">
      <Filter>Header Files</Filter>
    </ClInclude>
    <ClInclude Include="Src\thirdparty\imgui\imstb_textedit.h">
      <Filter>Header Files</Filter>
    </ClInclude>
    <ClInclude Include="Src\thirdparty\imgui\imstb_truetype.h">
      <Filter>Header Files</Filter>
    </ClInclude>
    <ClInclude Include="Src\thirdparty\stb\stb_image.h">
      <Filter>Header Files</Filter>
    </ClInclude>
    <ClInclude Include="Src\framework\data\font_data.h">
      <Filter>Header Files</Filter>
    </ClInclude>
    <ClInclude Include="Src\framework\data\IconsFontAwesome6.h">
      <Filter>Header Files</Filter>
    </ClInclude>
    <ClInclude Include="Src\framework\data\IconsFontAwesome6_Bytes.h">
      <Filter>Header Files</Filter>
    </ClInclude>
    <ClInclude Include="Src\framework\data\IconsFontAwesome6Brands.h">
      <Filter>Header Files</Filter>
    </ClInclude>
    <ClInclude Include="Src\framework\data\IconsFontAwesome6Brands_Bytes.h">
      <Filter>Header Files</Filter>
    </ClInclude>
    <ClInclude Include="Src\framework\data\IconsV2.h">
      <Filter>Header Files</Filter>
    </ClInclude>
    <ClInclude Include="Src\framework\data\IconsV2_Defines.h">
      <Filter>Header Files</Filter>
    </ClInclude>
    <ClInclude Include="Src\framework\data\Logos\logo.h">
      <Filter>Header Files</Filter>
    </ClInclude>
    <ClInclude Include="Src\framework\data\pattern\pattern.h">
      <Filter>Header Files</Filter>
    </ClInclude>
    <ClInclude Include="Src\framework\data\pfp\pfp.h">
      <Filter>Header Files</Filter>
    </ClInclude>
    <ClInclude Include="Src\framework\data\shaders\aurora_glow.h">
      <Filter>Header Files</Filter>
    </ClInclude>
    <ClInclude Include="Src\framework\data\shaders\box_glow_shader.h">
      <Filter>Header Files</Filter>
    </ClInclude>
    <ClInclude Include="Src\framework\data\shaders\glow_shader.h">
      <Filter>Header Files</Filter>
    </ClInclude>
    <ClInclude Include="Src\framework\data\shaders\shader_manager.h">
      <Filter>Header Files</Filter>
    </ClInclude>
  </ItemGroup>
  <ItemGroup>
    <ClCompile Include="Src\framework\helpers\config.cpp">
      <Filter>Source Files</Filter>
    </ClCompile>
    <ClCompile Include="Src\framework\helpers\draw.cpp">
      <Filter>Source Files</Filter>
    </ClCompile>
    <ClCompile Include="Src\framework\helpers\fonts.cpp">
      <Filter>Source Files</Filter>
    </ClCompile>
    <ClCompile Include="Src\framework\widgets\helpers.cpp">
      <Filter>Source Files</Filter>
    </ClCompile>
    <ClCompile Include="Src\framework\widgets\notify.cpp">
      <Filter>Source Files</Filter>
    </ClCompile>
    <ClCompile Include="Src\framework\widgets\window.cpp">
      <Filter>Source Files</Filter>
    </ClCompile>
    <ClCompile Include="Src\framework\gui.cpp">
      <Filter>Source Files</Filter>
    </ClCompile>
    <ClCompile Include="Src\thirdparty\imgui\backends\imgui_impl_dx9.cpp">
      <Filter>Source Files</Filter>
    </ClCompile>
    <ClCompile Include="Src\thirdparty\imgui\backends\imgui_impl_dx10.cpp">
      <Filter>Source Files</Filter>
    </ClCompile>
    <ClCompile Include="Src\thirdparty\imgui\backends\imgui_impl_dx11.cpp">
      <Filter>Source Files</Filter>
    </ClCompile>
    <ClCompile Include="Src\thirdparty\imgui\backends\imgui_impl_dx12.cpp">
      <Filter>Source Files</Filter>
    </ClCompile>
    <ClCompile Include="Src\thirdparty\imgui\backends\imgui_impl_win32.cpp">
      <Filter>Source Files</Filter>
    </ClCompile>
    <ClCompile Include="Src\thirdparty\imgui\examples\example_win32_directx11\main.cpp">
      <Filter>Source Files</Filter>
    </ClCompile>
    <ClCompile Include="Src\thirdparty\imgui\imgui.cpp">
      <Filter>Source Files</Filter>
    </ClCompile>
    <ClCompile Include="Src\thirdparty\imgui\imgui_draw.cpp">
      <Filter>Source Files</Filter>
    </ClCompile>
    <ClCompile Include="Src\thirdparty\imgui\imgui_freetype.cpp">
      <Filter>Source Files</Filter>
    </ClCompile>
    <ClCompile Include="Src\thirdparty\imgui\imgui_tables.cpp">
      <Filter>Source Files</Filter>
    </ClCompile>
    <ClCompile Include="Src\thirdparty\imgui\imgui_widgets.cpp">
      <Filter>Source Files</Filter>
    </ClCompile>
    <ClCompile Include="Src\framework\widgets\checkbox.cpp">
      <Filter>Source Files</Filter>
    </ClCompile>
    <ClCompile Include="Src\framework\widgets\coloredit.cpp">
      <Filter>Source Files</Filter>
    </ClCompile>
    <ClCompile Include="Src\framework\widgets\slider.cpp">
      <Filter>Source Files</Filter>
    </ClCompile>
    <ClCompile Include="Src\framework\widgets\Customparticles.cpp">
      <Filter>Source Files</Filter>
    </ClCompile>
    <ClCompile Include="Src\framework\data\images.cpp">
      <Filter>Source Files</Filter>
    </ClCompile>
    <ClCompile Include="Src\framework\widgets\button.cpp">
      <Filter>Source Files</Filter>
    </ClCompile>
    <ClCompile Include="Src\framework\widgets\watermark.cpp">
      <Filter>Source Files</Filter>
    </ClCompile>
    <ClCompile Include="Src\framework\widgets\keybinds.cpp">
      <Filter>Source Files</Filter>
    </ClCompile>
    <ClCompile Include="Src\framework\widgets\musicplayer.cpp">
      <Filter>Source Files</Filter>
    </ClCompile>
    <ClCompile Include="Src\framework\widgets\layout.cpp">
      <Filter>Source Files</Filter>
    </ClCompile>
    <ClCompile Include="Src\framework\widgets\spectatorlist.cpp">
      <Filter>Source Files</Filter>
    </ClCompile>
    <ClCompile Include="Src\framework\widgets\welcomebar.cpp">
      <Filter>Source Files</Filter>
    </ClCompile>
    <ClCompile Include="Src\framework\widgets\dropdown.cpp">
      <Filter>Source Files</Filter>
    </ClCompile>
  </ItemGroup>
  <ItemGroup>
    <None Include="Src\thirdparty\dxsdk\Include\D3DX_DXGIFormatConvert.inl">
      <Filter>Header Files</Filter>
    </None>
    <None Include="Src\thirdparty\dxsdk\Include\d3dx9math.inl">
      <Filter>Header Files</Filter>
    </None>
    <None Include="Src\thirdparty\dxsdk\Include\D3DX10math.inl">
      <Filter>Header Files</Filter>
    </None>
    <None Include="Src\thirdparty\dxsdk\Include\xnamathconvert.inl">
      <Filter>Header Files</Filter>
    </None>
    <None Include="Src\thirdparty\dxsdk\Include\xnamathmatrix.inl">
      <Filter>Header Files</Filter>
    </None>
    <None Include="Src\thirdparty\dxsdk\Include\xnamathmisc.inl">
      <Filter>Header Files</Filter>
    </None>
    <None Include="Src\thirdparty\dxsdk\Include\xnamathvector.inl">
      <Filter>Header Files</Filter>
    </None>
  </ItemGroup>
</Project>
